// !$*UTF8*$!
{
	archiveVersion = 1;
	classes = {
	};
	objectVersion = 46;
	objects = {

/* Begin PBXBuildFile section */
		180718A11DCE775000F8592F /* AppDelegate.swift in Sources */ = {isa = PBXBuildFile; fileRef = 180718A01DCE775000F8592F /* AppDelegate.swift */; };
		180718A31DCE775000F8592F /* ViewController.swift in Sources */ = {isa = PBXBuildFile; fileRef = 180718A21DCE775000F8592F /* ViewController.swift */; };
		180718A61DCE775000F8592F /* Main.storyboard in Resources */ = {isa = PBXBuildFile; fileRef = 180718A41DCE775000F8592F /* Main.storyboard */; };
		180718A81DCE775000F8592F /* Assets.xcassets in Resources */ = {isa = PBXBuildFile; fileRef = 180718A71DCE775000F8592F /* Assets.xcassets */; };
		180718AB1DCE775000F8592F /* LaunchScreen.storyboard in Resources */ = {isa = PBXBuildFile; fileRef = 180718A91DCE775000F8592F /* LaunchScreen.storyboard */; };
		B9897B7F29F8EE355B227F0F /* Pods_WUMP.framework in Frameworks */ = {isa = PBXBuildFile; fileRef = 838A1B8A29D9042C0097EEF3 /* Pods_WUMP.framework */; };
/* End PBXBuildFile section */

/* Begin PBXFileReference section */
		1807189D1DCE775000F8592F /* WUMP.app */ = {isa = PBXFileReference; explicitFileType = wrapper.application; includeInIndex = 0; path = WUMP.app; sourceTree = BUILT_PRODUCTS_DIR; };
		180718A01DCE775000F8592F /* AppDelegate.swift */ = {isa = PBXFileReference; lastKnownFileType = sourcecode.swift; path = AppDelegate.swift; sourceTree = "<group>"; };
		180718A21DCE775000F8592F /* ViewController.swift */ = {isa = PBXFileReference; lastKnownFileType = sourcecode.swift; path = ViewController.swift; sourceTree = "<group>"; };
		180718A51DCE775000F8592F /* Base */ = {isa = PBXFileReference; lastKnownFileType = file.storyboard; name = Base; path = Base.lproj/Main.storyboard; sourceTree = "<group>"; };
		180718A71DCE775000F8592F /* Assets.xcassets */ = {isa = PBXFileReference; lastKnownFileType = folder.assetcatalog; path = Assets.xcassets; sourceTree = "<group>"; };
		180718AA1DCE775000F8592F /* Base */ = {isa = PBXFileReference; lastKnownFileType = file.storyboard; name = Base; path = Base.lproj/LaunchScreen.storyboard; sourceTree = "<group>"; };
		180718AC1DCE775000F8592F /* Info.plist */ = {isa = PBXFileReference; lastKnownFileType = text.plist.xml; path = Info.plist; sourceTree = "<group>"; };
		701A0DC5A5D819C3DF124076 /* Pods-WUMP.release.xcconfig */ = {isa = PBXFileReference; includeInIndex = 1; lastKnownFileType = text.xcconfig; name = "Pods-WUMP.release.xcconfig"; path = "Pods/Target Support Files/Pods-WUMP/Pods-WUMP.release.xcconfig"; sourceTree = "<group>"; };
		838A1B8A29D9042C0097EEF3 /* Pods_WUMP.framework */ = {isa = PBXFileReference; explicitFileType = wrapper.framework; includeInIndex = 0; path = Pods_WUMP.framework; sourceTree = BUILT_PRODUCTS_DIR; };
		CCE70A5625794366AF5EEA20 /* Pods-WUMP.debug.xcconfig */ = {isa = PBXFileReference; includeInIndex = 1; lastKnownFileType = text.xcconfig; name = "Pods-WUMP.debug.xcconfig"; path = "Pods/Target Support Files/Pods-WUMP/Pods-WUMP.debug.xcconfig"; sourceTree = "<group>"; };
/* End PBXFileReference section */

/* Begin PBXFrameworksBuildPhase section */
		1807189A1DCE775000F8592F /* Frameworks */ = {
			isa = PBXFrameworksBuildPhase;
			buildActionMask = 2147483647;
			files = (
				B9897B7F29F8EE355B227F0F /* Pods_WUMP.framework in Frameworks */,
			);
			runOnlyForDeploymentPostprocessing = 0;
		};
/* End PBXFrameworksBuildPhase section */

/* Begin PBXGroup section */
		180718941DCE775000F8592F = {
			isa = PBXGroup;
			children = (
				1807189F1DCE775000F8592F /* WUMP */,
				1807189E1DCE775000F8592F /* Products */,
				4916B7FDB53435C83ACFE3AE /* Pods */,
				B05FD0C9A979EF5C0F406D9F /* Frameworks */,
			);
			sourceTree = "<group>";
		};
		1807189E1DCE775000F8592F /* Products */ = {
			isa = PBXGroup;
			children = (
				1807189D1DCE775000F8592F /* WUMP.app */,
			);
			name = Products;
			sourceTree = "<group>";
		};
		1807189F1DCE775000F8592F /* WUMP */ = {
			isa = PBXGroup;
			children = (
				180718A01DCE775000F8592F /* AppDelegate.swift */,
				180718A21DCE775000F8592F /* ViewController.swift */,
				180718A41DCE775000F8592F /* Main.storyboard */,
				180718A71DCE775000F8592F /* Assets.xcassets */,
				180718A91DCE775000F8592F /* LaunchScreen.storyboard */,
				180718AC1DCE775000F8592F /* Info.plist */,
			);
			path = WUMP;
			sourceTree = "<group>";
		};
		4916B7FDB53435C83ACFE3AE /* Pods */ = {
			isa = PBXGroup;
			children = (
				CCE70A5625794366AF5EEA20 /* Pods-WUMP.debug.xcconfig */,
				701A0DC5A5D819C3DF124076 /* Pods-WUMP.release.xcconfig */,
			);
			name = Pods;
			sourceTree = "<group>";
		};
		B05FD0C9A979EF5C0F406D9F /* Frameworks */ = {
			isa = PBXGroup;
			children = (
				838A1B8A29D9042C0097EEF3 /* Pods_WUMP.framework */,
			);
			name = Frameworks;
			sourceTree = "<group>";
		};
/* End PBXGroup section */

/* Begin PBXNativeTarget section */
		1807189C1DCE775000F8592F /* WUMP */ = {
			isa = PBXNativeTarget;
			buildConfigurationList = 180718AF1DCE775000F8592F /* Build configuration list for PBXNativeTarget "WUMP" */;
			buildPhases = (
				86813489000734FA2DC5E8BE /* [CP] Check Pods Manifest.lock */,
				180718991DCE775000F8592F /* Sources */,
				1807189A1DCE775000F8592F /* Frameworks */,
				1807189B1DCE775000F8592F /* Resources */,
				3BD2440A5ED9E9D8B8B7FEEE /* [CP] Embed Pods Frameworks */,
				145B680F841BBB0C9F900C13 /* [CP] Copy Pods Resources */,
			);
			buildRules = (
			);
			dependencies = (
			);
			name = WUMP;
			productName = WUMP;
			productReference = 1807189D1DCE775000F8592F /* WUMP.app */;
			productType = "com.apple.product-type.application";
		};
/* End PBXNativeTarget section */

/* Begin PBXProject section */
		180718951DCE775000F8592F /* Project object */ = {
			isa = PBXProject;
			attributes = {
				LastSwiftUpdateCheck = 0800;
				LastUpgradeCheck = 0800;
				ORGANIZATIONNAME = "Mohamed Ayadi";
				TargetAttributes = {
					1807189C1DCE775000F8592F = {
						CreatedOnToolsVersion = 8.0;
						DevelopmentTeam = 6KKRC5GQMV;
						ProvisioningStyle = Automatic;
					};
				};
			};
			buildConfigurationList = 180718981DCE775000F8592F /* Build configuration list for PBXProject "WUMP" */;
			compatibilityVersion = "Xcode 3.2";
			developmentRegion = English;
			hasScannedForEncodings = 0;
			knownRegions = (
				en,
				Base,
			);
			mainGroup = 180718941DCE775000F8592F;
			productRefGroup = 1807189E1DCE775000F8592F /* Products */;
			projectDirPath = "";
			projectRoot = "";
			targets = (
				1807189C1DCE775000F8592F /* WUMP */,
			);
		};
/* End PBXProject section */

/* Begin PBXResourcesBuildPhase section */
		1807189B1DCE775000F8592F /* Resources */ = {
			isa = PBXResourcesBuildPhase;
			buildActionMask = 2147483647;
			files = (
				180718AB1DCE775000F8592F /* LaunchScreen.storyboard in Resources */,
				180718A81DCE775000F8592F /* Assets.xcassets in Resources */,
				180718A61DCE775000F8592F /* Main.storyboard in Resources */,
			);
			runOnlyForDeploymentPostprocessing = 0;
		};
/* End PBXResourcesBuildPhase section */

/* Begin PBXShellScriptBuildPhase section */
		145B680F841BBB0C9F900C13 /* [CP] Copy Pods Resources */ = {
			isa = PBXShellScriptBuildPhase;
			buildActionMask = 2147483647;
			files = (
			);
			inputPaths = (
			);
			name = "[CP] Copy Pods Resources";
			outputPaths = (
			);
			runOnlyForDeploymentPostprocessing = 0;
			shellPath = /bin/sh;
			shellScript = "\"${SRCROOT}/Pods/Target Support Files/Pods-WUMP/Pods-WUMP-resources.sh\"\n";
			showEnvVarsInLog = 0;
		};
		3BD2440A5ED9E9D8B8B7FEEE /* [CP] Embed Pods Frameworks */ = {
			isa = PBXShellScriptBuildPhase;
			buildActionMask = 2147483647;
			files = (
			);
			inputPaths = (
			);
			name = "[CP] Embed Pods Frameworks";
			outputPaths = (
			);
			runOnlyForDeploymentPostprocessing = 0;
			shellPath = /bin/sh;
			shellScript = "\"${SRCROOT}/Pods/Target Support Files/Pods-WUMP/Pods-WUMP-frameworks.sh\"\n";
			showEnvVarsInLog = 0;
		};
		86813489000734FA2DC5E8BE /* [CP] Check Pods Manifest.lock */ = {
			isa = PBXShellScriptBuildPhase;
			buildActionMask = 2147483647;
			files = (
			);
			inputPaths = (
			);
			name = "[CP] Check Pods Manifest.lock";
			outputPaths = (
			);
			runOnlyForDeploymentPostprocessing = 0;
			shellPath = /bin/sh;
			shellScript = "diff \"${PODS_ROOT}/../Podfile.lock\" \"${PODS_ROOT}/Manifest.lock\" > /dev/null\nif [[ $? != 0 ]] ; then\n    cat << EOM\nerror: The sandbox is not in sync with the Podfile.lock. Run 'pod install' or update your CocoaPods installation.\nEOM\n    exit 1\nfi\n";
			showEnvVarsInLog = 0;
		};
/* End PBXShellScriptBuildPhase section */

/* Begin PBXSourcesBuildPhase section */
		180718991DCE775000F8592F /* Sources */ = {
			isa = PBXSourcesBuildPhase;
			buildActionMask = 2147483647;
			files = (
				180718A31DCE775000F8592F /* ViewController.swift in Sources */,
				180718A11DCE775000F8592F /* AppDelegate.swift in Sources */,
			);
			runOnlyForDeploymentPostprocessing = 0;
		};
/* End PBXSourcesBuildPhase section */

/* Begin PBXVariantGroup section */
		180718A41DCE775000F8592F /* Main.storyboard */ = {
			isa = PBXVariantGroup;
			children = (
				180718A51DCE775000F8592F /* Base */,
			);
			name = Main.storyboard;
			sourceTree = "<group>";
		};
		180718A91DCE775000F8592F /* LaunchScreen.storyboard */ = {
			isa = PBXVariantGroup;
			children = (
				180718AA1DCE775000F8592F /* Base */,
			);
			name = LaunchScreen.storyboard;
			sourceTree = "<group>";
		};
/* End PBXVariantGroup section */

/* Begin XCBuildConfiguration section */
		180718AD1DCE775000F8592F /* Debug */ = {
			isa = XCBuildConfiguration;
			buildSettings = {
				ALWAYS_SEARCH_USER_PATHS = NO;
				CLANG_ANALYZER_NONNULL = YES;
				CLANG_CXX_LANGUAGE_STANDARD = "gnu++0x";
				CLANG_CXX_LIBRARY = "libc++";
				CLANG_ENABLE_MODULES = YES;
				CLANG_ENABLE_OBJC_ARC = YES;
				CLANG_WARN_BOOL_CONVERSION = YES;
				CLANG_WARN_CONSTANT_CONVERSION = YES;
				CLANG_WARN_DIRECT_OBJC_ISA_USAGE = YES_ERROR;
				CLANG_WARN_DOCUMENTATION_COMMENTS = YES;
				CLANG_WARN_EMPTY_BODY = YES;
				CLANG_WARN_ENUM_CONVERSION = YES;
				CLANG_WARN_INFINITE_RECURSION = YES;
				CLANG_WARN_INT_CONVERSION = YES;
				CLANG_WARN_OBJC_ROOT_CLASS = YES_ERROR;
				CLANG_WARN_SUSPICIOUS_MOVES = YES;
				CLANG_WARN_UNREACHABLE_CODE = YES;
				CLANG_WARN__DUPLICATE_METHOD_MATCH = YES;
				"CODE_SIGN_IDENTITY[sdk=iphoneos*]" = "iPhone Developer";
				COPY_PHASE_STRIP = NO;
				DEBUG_INFORMATION_FORMAT = dwarf;
				ENABLE_STRICT_OBJC_MSGSEND = YES;
				ENABLE_TESTABILITY = YES;
				GCC_C_LANGUAGE_STANDARD = gnu99;
				GCC_DYNAMIC_NO_PIC = NO;
				GCC_NO_COMMON_BLOCKS = YES;
				GCC_OPTIMIZATION_LEVEL = 0;
				GCC_PREPROCESSOR_DEFINITIONS = (
					"DEBUG=1",
					"$(inherited)",
				);
				GCC_WARN_64_TO_32_BIT_CONVERSION = YES;
				GCC_WARN_ABOUT_RETURN_TYPE = YES_ERROR;
				GCC_WARN_UNDECLARED_SELECTOR = YES;
				GCC_WARN_UNINITIALIZED_AUTOS = YES_AGGRESSIVE;
				GCC_WARN_UNUSED_FUNCTION = YES;
				GCC_WARN_UNUSED_VARIABLE = YES;
				IPHONEOS_DEPLOYMENT_TARGET = 10.0;
				MTL_ENABLE_DEBUG_INFO = YES;
				ONLY_ACTIVE_ARCH = YES;
				SDKROOT = iphoneos;
				SWIFT_ACTIVE_COMPILATION_CONDITIONS = DEBUG;
				SWIFT_OPTIMIZATION_LEVEL = "-Onone";
				TARGETED_DEVICE_FAMILY = "1,2";
			};
			name = Debug;
		};
		180718AE1DCE775000F8592F /* Release */ = {
			isa = XCBuildConfiguration;
			buildSettings = {
				ALWAYS_SEARCH_USER_PATHS = NO;
				CLANG_ANALYZER_NONNULL = YES;
				CLANG_CXX_LANGUAGE_STANDARD = "gnu++0x";
				CLANG_CXX_LIBRARY = "libc++";
				CLANG_ENABLE_MODULES = YES;
				CLANG_ENABLE_OBJC_ARC = YES;
				CLANG_WARN_BOOL_CONVERSION = YES;
				CLANG_WARN_CONSTANT_CONVERSION = YES;
				CLANG_WARN_DIRECT_OBJC_ISA_USAGE = YES_ERROR;
				CLANG_WARN_DOCUMENTATION_COMMENTS = YES;
				CLANG_WARN_EMPTY_BODY = YES;
				CLANG_WARN_ENUM_CONVERSION = YES;
				CLANG_WARN_INFINITE_RECURSION = YES;
				CLANG_WARN_INT_CONVERSION = YES;
				CLANG_WARN_OBJC_ROOT_CLASS = YES_ERROR;
				CLANG_WARN_SUSPICIOUS_MOVES = YES;
				CLANG_WARN_UNREACHABLE_CODE = YES;
				CLANG_WARN__DUPLICATE_METHOD_MATCH = YES;
				"CODE_SIGN_IDENTITY[sdk=iphoneos*]" = "iPhone Developer";
				COPY_PHASE_STRIP = NO;
				DEBUG_INFORMATION_FORMAT = "dwarf-with-dsym";
				ENABLE_NS_ASSERTIONS = NO;
				ENABLE_STRICT_OBJC_MSGSEND = YES;
				GCC_C_LANGUAGE_STANDARD = gnu99;
				GCC_NO_COMMON_BLOCKS = YES;
				GCC_WARN_64_TO_32_BIT_CONVERSION = YES;
				GCC_WARN_ABOUT_RETURN_TYPE = YES_ERROR;
				GCC_WARN_UNDECLARED_SELECTOR = YES;
				GCC_WARN_UNINITIALIZED_AUTOS = YES_AGGRESSIVE;
				GCC_WARN_UNUSED_FUNCTION = YES;
				GCC_WARN_UNUSED_VARIABLE = YES;
				IPHONEOS_DEPLOYMENT_TARGET = 10.0;
				MTL_ENABLE_DEBUG_INFO = NO;
				SDKROOT = iphoneos;
				SWIFT_OPTIMIZATION_LEVEL = "-Owholemodule";
				TARGETED_DEVICE_FAMILY = "1,2";
				VALIDATE_PRODUCT = YES;
			};
			name = Release;
		};
		180718B01DCE775000F8592F /* Debug */ = {
			isa = XCBuildConfiguration;
			baseConfigurationReference = CCE70A5625794366AF5EEA20 /* Pods-WUMP.debug.xcconfig */;
			buildSettings = {
				ASSETCATALOG_COMPILER_APPICON_NAME = AppIcon;
				DEVELOPMENT_TEAM = 6KKRC5GQMV;
				INFOPLIST_FILE = WUMP/Info.plist;
				LD_RUNPATH_SEARCH_PATHS = "$(inherited) @executable_path/Frameworks";
				PRODUCT_BUNDLE_IDENTIFIER = com.ayadios.WUMP;
				PRODUCT_NAME = "$(TARGET_NAME)";
				SWIFT_VERSION = 3.0;
			};
			name = Debug;
		};
		180718B11DCE775000F8592F /* Release */ = {
			isa = XCBuildConfiguration;
			baseConfigurationReference = 701A0DC5A5D819C3DF124076 /* Pods-WUMP.release.xcconfig */;
			buildSettings = {
				ASSETCATALOG_COMPILER_APPICON_NAME = AppIcon;
				DEVELOPMENT_TEAM = 6KKRC5GQMV;
				INFOPLIST_FILE = WUMP/Info.plist;
				LD_RUNPATH_SEARCH_PATHS = "$(inherited) @executable_path/Frameworks";
				PRODUCT_BUNDLE_IDENTIFIER = com.ayadios.WUMP;
				PRODUCT_NAME = "$(TARGET_NAME)";
				SWIFT_VERSION = 3.0;
			};
			name = Release;
		};
/* End XCBuildConfiguration section */

/* Begin XCConfigurationList section */
		180718981DCE775000F8592F /* Build configuration list for PBXProject "WUMP" */ = {
			isa = XCConfigurationList;
			buildConfigurations = (
				180718AD1DCE775000F8592F /* Debug */,
				180718AE1DCE775000F8592F /* Release */,
			);
			defaultConfigurationIsVisible = 0;
			defaultConfigurationName = Release;
		};
		180718AF1DCE775000F8592F /* Build configuration list for PBXNativeTarget "WUMP" */ = {
			isa = XCConfigurationList;
			buildConfigurations = (
				180718B01DCE775000F8592F /* Debug */,
				180718B11DCE775000F8592F /* Release */,
			);
			defaultConfigurationIsVisible = 0;
			defaultConfigurationName = Release;
		};
/* End XCConfigurationList section */
	};
	rootObject = 180718951DCE775000F8592F /* Project object */;
}
